---
lockVersion: 1.0.0
dependencies:
  codeql/concepts:
    version: 0.0.4
  codeql/controlflow:
    version: 2.0.14
  codeql/dataflow:
    version: 2.0.14
  codeql/javascript-all:
    version: 2.6.10
  codeql/mad:
    version: 1.0.30
  codeql/regex:
    version: 1.0.30
  codeql/rust-all:
    version: 0.1.15
  codeql/ssa:
    version: 2.0.6
  codeql/threat-models:
    version: 1.0.30
  codeql/tutorial:
    version: 1.0.30
  codeql/typeinference:
    version: 0.0.11
  codeql/typetracking:
    version: 2.0.14
  codeql/util:
    version: 2.0.17
  codeql/xml:
    version: 1.0.30
  codeql/yaml:
    version: 1.0.30
  githubsecuritylab/codeql-javascript-libs:
    version: 0.2.1
compiled: false
